<?xml version="1.0" encoding="utf-8"?>
<Project ToolsVersion="4.0" xmlns="http://schemas.microsoft.com/developer/msbuild/2003">
  <ItemGroup>
    <Filter Include="源文件">
      <UniqueIdentifier>{4FC737F1-C7A5-4376-A066-2A32D752A2FF}</UniqueIdentifier>
      <Extensions>cpp;c;cc;cxx;def;odl;idl;hpj;bat;asm;asmx</Extensions>
    </Filter>
    <Filter Include="头文件">
      <UniqueIdentifier>{93995380-89BD-4b04-88EB-625FBE52EBFB}</UniqueIdentifier>
      <Extensions>h;hh;hpp;hxx;hm;inl;inc;xsd</Extensions>
    </Filter>
    <Filter Include="资源文件">
      <UniqueIdentifier>{67DA6AB6-F800-4c08-8B7A-83BB121AAD01}</UniqueIdentifier>
      <Extensions>rc;ico;cur;bmp;dlg;rc2;rct;bin;rgs;gif;jpg;jpeg;jpe;resx;tiff;tif;png;wav;mfcribbon-ms</Extensions>
    </Filter>
    <Filter Include="Engine">
      <UniqueIdentifier>{3d1ec9f7-4114-4ed1-adfd-5e8bd2d2cd03}</UniqueIdentifier>
    </Filter>
    <Filter Include="Engine\header">
      <UniqueIdentifier>{4413d4c9-c3f0-4349-8102-0e0a7b1a9fab}</UniqueIdentifier>
      <Extensions>h;hh;hpp;hxx;hm;inl;inc;xsd</Extensions>
    </Filter>
    <Filter Include="Engine\source">
      <UniqueIdentifier>{9f1290c7-b70c-482f-85ba-32392a527ba8}</UniqueIdentifier>
      <Extensions>cpp;c;cc;cxx;def;odl;idl;hpj;bat;asm;asmx</Extensions>
    </Filter>
    <Filter Include="RenderDevice">
      <UniqueIdentifier>{13a59d68-be02-4a30-9460-963b9a4e5802}</UniqueIdentifier>
    </Filter>
    <Filter Include="RenderDevice\header">
      <UniqueIdentifier>{55b89bbe-bbcd-46aa-be05-8ddf828e763b}</UniqueIdentifier>
      <Extensions>h;hh;hpp;hxx;hm;inl;inc;xsd</Extensions>
    </Filter>
    <Filter Include="RenderDevice\source">
      <UniqueIdentifier>{996d021c-87ce-44e1-85e2-c4ad0db2ab9a}</UniqueIdentifier>
      <Extensions>cpp;c;cc;cxx;def;odl;idl;hpj;bat;asm;asmx</Extensions>
    </Filter>
    <Filter Include="Renderer">
      <UniqueIdentifier>{dffcc28a-59d9-403c-8ab4-2ae9a0a335ab}</UniqueIdentifier>
    </Filter>
    <Filter Include="Renderer\header">
      <UniqueIdentifier>{83e5b93f-e441-4d6d-a124-96581288fa94}</UniqueIdentifier>
      <Extensions>h;hh;hpp;hxx;hm;inl;inc;xsd</Extensions>
    </Filter>
    <Filter Include="Renderer\source">
      <UniqueIdentifier>{df1bab4c-1a42-49b5-8f3b-e393ab51cc31}</UniqueIdentifier>
      <Extensions>cpp;c;cc;cxx;def;odl;idl;hpj;bat;asm;asmx</Extensions>
    </Filter>
    <Filter Include="Sound">
      <UniqueIdentifier>{864f84ca-0c7b-4bee-a167-7a2a20def87d}</UniqueIdentifier>
    </Filter>
    <Filter Include="Sound\header">
      <UniqueIdentifier>{9e06be58-b234-4f97-bab8-7ab53ba1b722}</UniqueIdentifier>
      <Extensions>h;hh;hpp;hxx;hm;inl;inc;xsd</Extensions>
    </Filter>
    <Filter Include="Sound\source">
      <UniqueIdentifier>{588026b8-a60d-42d1-b9ef-9ae00066103f}</UniqueIdentifier>
      <Extensions>cpp;c;cc;cxx;def;odl;idl;hpj;bat;asm;asmx</Extensions>
    </Filter>
    <Filter Include="extern">
      <UniqueIdentifier>{fa510b36-daf8-421a-a8c7-f08ffe9df370}</UniqueIdentifier>
    </Filter>
    <Filter Include="extern\nv_dds">
      <UniqueIdentifier>{c56e4740-12fb-4dc1-bff5-f9b50c0ca42f}</UniqueIdentifier>
    </Filter>
    <Filter Include="extern\nv_dds\header">
      <UniqueIdentifier>{32342b3e-f419-494f-b752-f619f400bc1f}</UniqueIdentifier>
      <Extensions>h;hh;hpp;hxx;hm;inl;inc;xsd</Extensions>
    </Filter>
    <Filter Include="extern\nv_dds\source">
      <UniqueIdentifier>{686b3a36-98cb-4c42-b68c-6288300361d2}</UniqueIdentifier>
      <Extensions>cpp;c;cc;cxx;def;odl;idl;hpj;bat;asm;asmx</Extensions>
    </Filter>
  </ItemGroup>
  <ItemGroup>
    <ClCompile Include="RenderDevice\n2dModelLoaderImpl.cpp">
      <Filter>RenderDevice\source</Filter>
    </ClCompile>
    <ClCompile Include="RenderDevice\n2dObjLoader.cpp">
      <Filter>RenderDevice\source</Filter>
    </ClCompile>
    <ClCompile Include="RenderDevice\n2dVBOHelper.cpp">
      <Filter>RenderDevice\source</Filter>
    </ClCompile>
    <ClCompile Include="Engine\n2dEngineImpl.cpp">
      <Filter>Engine\source</Filter>
    </ClCompile>
    <ClCompile Include="RenderDevice\n2dTextureImpl.cpp">
      <Filter>RenderDevice\source</Filter>
    </ClCompile>
    <ClCompile Include="Engine\n2dWindowImpl.cpp">
      <Filter>Engine\source</Filter>
    </ClCompile>
    <ClCompile Include="RenderDevice\n2dRenderDeviceImpl.cpp">
      <Filter>RenderDevice\source</Filter>
    </ClCompile>
    <ClCompile Include="RenderDevice\n2dShaderWrapperImpl.cpp">
      <Filter>RenderDevice\source</Filter>
    </ClCompile>
    <ClCompile Include="RenderDevice\n2dGraphicsImpl.cpp">
      <Filter>RenderDevice\source</Filter>
    </ClCompile>
    <ClCompile Include="Engine\n2dFPSControllerImpl.cpp">
      <Filter>Engine\source</Filter>
    </ClCompile>
    <ClCompile Include="Renderer\n2dFontImpl.cpp">
      <Filter>Renderer\source</Filter>
    </ClCompile>
    <ClCompile Include="RenderDevice\n2dMeshDataImpl.cpp">
      <Filter>RenderDevice\source</Filter>
    </ClCompile>
    <ClCompile Include="RenderDevice\n2dModelImpl.cpp">
      <Filter>RenderDevice\source</Filter>
    </ClCompile>
    <ClCompile Include="RenderDevice\n2dBufferImpl.cpp">
      <Filter>RenderDevice\source</Filter>
    </ClCompile>
    <ClCompile Include="Sound\n2dSoundSysImpl.cpp">
      <Filter>Sound\source</Filter>
    </ClCompile>
    <ClCompile Include="Sound\n2dSoundBufferImpl.cpp">
      <Filter>Sound\source</Filter>
    </ClCompile>
    <ClCompile Include="Sound\n2dSoundSourceImpl.cpp">
      <Filter>Sound\source</Filter>
    </ClCompile>
    <ClCompile Include="RenderDevice\n2dLightControllerImpl.cpp">
      <Filter>RenderDevice\source</Filter>
    </ClCompile>
    <ClCompile Include="extern\nv_dds\nv_dds.cpp">
      <Filter>extern\nv_dds\source</Filter>
    </ClCompile>
    <ClCompile Include="RenderDevice\n2dMotionManagerImpl.cpp">
      <Filter>RenderDevice\source</Filter>
    </ClCompile>
    <ClCompile Include="RenderDevice\n2dLayerImpl.cpp">
      <Filter>RenderDevice\source</Filter>
    </ClCompile>
  </ItemGroup>
  <ItemGroup>
    <ClInclude Include="n2dCommon.h">
      <Filter>头文件</Filter>
    </ClInclude>
    <ClInclude Include="Natsu2D.h">
      <Filter>头文件</Filter>
    </ClInclude>
    <ClInclude Include="n2dInterface.h">
      <Filter>头文件</Filter>
    </ClInclude>
    <ClInclude Include="resource.h">
      <Filter>头文件</Filter>
    </ClInclude>
    <ClInclude Include="RenderDevice\n2dModelLoaderImpl.h">
      <Filter>RenderDevice\header</Filter>
    </ClInclude>
    <ClInclude Include="RenderDevice\n2dObjLoader.h">
      <Filter>RenderDevice\header</Filter>
    </ClInclude>
    <ClInclude Include="RenderDevice\n2dVBOHelper.h">
      <Filter>RenderDevice\header</Filter>
    </ClInclude>
    <ClInclude Include="n2dEngine.h">
      <Filter>头文件</Filter>
    </ClInclude>
    <ClInclude Include="Engine\n2dEngineImpl.h">
      <Filter>Engine\header</Filter>
    </ClInclude>
    <ClInclude Include="RenderDevice\n2dTextureImpl.h">
      <Filter>RenderDevice\header</Filter>
    </ClInclude>
    <ClInclude Include="n2dWindow.h">
      <Filter>头文件</Filter>
    </ClInclude>
    <ClInclude Include="Engine\n2dWindowImpl.h">
      <Filter>Engine\header</Filter>
    </ClInclude>
    <ClInclude Include="RenderDevice\n2dRenderDeviceImpl.h">
      <Filter>RenderDevice\header</Filter>
    </ClInclude>
    <ClInclude Include="n2dRenderDevice.h">
      <Filter>头文件</Filter>
    </ClInclude>
    <ClInclude Include="RenderDevice\n2dShaderWrapperImpl.h">
      <Filter>RenderDevice\header</Filter>
    </ClInclude>
    <ClInclude Include="n2dGraphics.h">
      <Filter>头文件</Filter>
    </ClInclude>
    <ClInclude Include="RenderDevice\n2dGraphicsImpl.h">
      <Filter>RenderDevice\header</Filter>
    </ClInclude>
    <ClInclude Include="Engine\n2dFPSControllerImpl.h">
      <Filter>Engine\header</Filter>
    </ClInclude>
    <ClInclude Include="n2dFont.h">
      <Filter>头文件</Filter>
    </ClInclude>
    <ClInclude Include="Renderer\n2dFontImpl.h">
      <Filter>Renderer\header</Filter>
    </ClInclude>
    <ClInclude Include="RenderDevice\n2dMeshDataImpl.h">
      <Filter>RenderDevice\header</Filter>
    </ClInclude>
    <ClInclude Include="n2dModel.h">
      <Filter>头文件</Filter>
    </ClInclude>
    <ClInclude Include="RenderDevice\n2dModelImpl.h">
      <Filter>RenderDevice\header</Filter>
    </ClInclude>
    <ClInclude Include="RenderDevice\n2dBufferImpl.h">
      <Filter>RenderDevice\header</Filter>
    </ClInclude>
    <ClInclude Include="RenderDevice\OpenGL.h">
      <Filter>RenderDevice\header</Filter>
    </ClInclude>
    <ClInclude Include="n2dSoundSys.h">
      <Filter>头文件</Filter>
    </ClInclude>
    <ClInclude Include="Sound\n2dSoundSysImpl.h">
      <Filter>Sound\header</Filter>
    </ClInclude>
    <ClInclude Include="Sound\n2dSoundBufferImpl.h">
      <Filter>Sound\header</Filter>
    </ClInclude>
    <ClInclude Include="Sound\n2dSoundSourceImpl.h">
      <Filter>Sound\header</Filter>
    </ClInclude>
    <ClInclude Include="Sound\OpenAL.h">
      <Filter>Sound\header</Filter>
    </ClInclude>
    <ClInclude Include="RenderDevice\n2dLightControllerImpl.h">
      <Filter>RenderDevice\header</Filter>
    </ClInclude>
    <ClInclude Include="extern\nv_dds\nv_dds.h">
      <Filter>extern\nv_dds\header</Filter>
    </ClInclude>
    <ClInclude Include="RenderDevice\n2dMotionManagerImpl.h">
      <Filter>RenderDevice\header</Filter>
    </ClInclude>
    <ClInclude Include="n2dRenderNode.h">
      <Filter>头文件</Filter>
    </ClInclude>
    <ClInclude Include="n2dLayer.h">
      <Filter>头文件</Filter>
    </ClInclude>
    <ClInclude Include="RenderDevice\n2dLayerImpl.h">
      <Filter>RenderDevice\header</Filter>
    </ClInclude>
    <ClInclude Include="n2dVirtualFileSystem.h">
      <Filter>头文件</Filter>
    </ClInclude>
    <ClInclude Include="n2dResourceMgr.h">
      <Filter>头文件</Filter>
    </ClInclude>
  </ItemGroup>
  <ItemGroup>
    <ResourceCompile Include="Natsu2D.rc">
      <Filter>资源文件</Filter>
    </ResourceCompile>
  </ItemGroup>
  <ItemGroup>
    <None Include="DefaultVertexShader.glsl">
      <Filter>资源文件</Filter>
    </None>
    <None Include="DefaultFragmentShader.glsl">
      <Filter>资源文件</Filter>
    </None>
    <None Include="DefaultFontVertexShader.glsl">
      <Filter>资源文件</Filter>
    </None>
    <None Include="DefaultFontFragmentShader.glsl">
      <Filter>资源文件</Filter>
    </None>
  </ItemGroup>
</Project>